PODS:
  - Flutter (1.0.0)
  - image_selector (0.0.1):
    - Flutter
    - ZLPhotoBrowser (= 4.5.6)
  - ZLPhotoBrowser (4.5.6):
    - ZLPhotoBrowser/Core (= 4.5.6)
  - ZLPhotoBrowser/Core (4.5.6)

DEPENDENCIES:
  - Flutter (from `Flutter`)
  - image_selector (from `.symlinks/plugins/image_selector/ios`)

SPEC REPOS:
  trunk:
    - ZLPhotoBrowser

EXTERNAL SOURCES:
  Flutter:
    :path: Flutter
  image_selector:
    :path: ".symlinks/plugins/image_selector/ios"

SPEC CHECKSUMS:
  Flutter: e0871f40cf51350855a761d2e70bf5af5b9b5de7
  image_selector: 74db36c0b4450ca136012e3d6116305e0c0abb85
  ZLPhotoBrowser: 9fdd801da47d5aaff778b8213fc711bbadab9cb2

PODFILE CHECKSUM: 9ce7f180cf9cf261a2d6d45ff4cc371793f1fd46

COCOAPODS: 1.16.2
